
Microsoft Visual Studio Solution File, Format Version 12.00
# Visual Studio 15
Project("{FAE04EC0-301F-11D3-BF4B-00C04F79EFBC}") = "Unity.2D.Animation.Editor", "Unity.2D.Animation.Editor.csproj", "{0623D9F5-C6BE-854B-273B-AEBC9CD22769}"
EndProject
Project("{FAE04EC0-301F-11D3-BF4B-00C04F79EFBC}") = "Unity.2D.Tilemap.Editor", "Unity.2D.Tilemap.Editor.csproj", "{6AB09C02-5DAA-0F7B-2523-885836033A20}"
EndProject
Project("{FAE04EC0-301F-11D3-BF4B-00C04F79EFBC}") = "UnityEngine.UI", "UnityEngine.UI.csproj", "{873AD0BA-1AF9-A41C-06AB-507D3FFBC4FB}"
EndProject
Project("{FAE04EC0-301F-11D3-BF4B-00C04F79EFBC}") = "Unity.2D.Aseprite.Editor", "Unity.2D.Aseprite.Editor.csproj", "{4026D87F-C41D-866E-8128-5A339711F869}"
EndProject
Project("{FAE04EC0-301F-11D3-BF4B-00C04F79EFBC}") = "Unity.2D.Psdimporter.Editor", "Unity.2D.Psdimporter.Editor.csproj", "{3DA7D506-875B-99E0-73F2-CCD324AECFC4}"
EndProject
Project("{FAE04EC0-301F-11D3-BF4B-00C04F79EFBC}") = "UnityEditor.UI", "UnityEditor.UI.csproj", "{D586DF9A-4E7D-FCFB-5C1B-20D47564B167}"
EndProject
Project("{FAE04EC0-301F-11D3-BF4B-00C04F79EFBC}") = "UnityEngine.TestRunner", "UnityEngine.TestRunner.csproj", "{1C63BF94-6DCE-89C0-15E7-2754DD3D2FB9}"
EndProject
Project("{FAE04EC0-301F-11D3-BF4B-00C04F79EFBC}") = "Unity.Mathematics", "Unity.Mathematics.csproj", "{C1B9112B-CBBF-DF8B-B6E4-022C1D89650B}"
EndProject
Project("{FAE04EC0-301F-11D3-BF4B-00C04F79EFBC}") = "Unity.Multiplayer.Center.Editor", "Unity.Multiplayer.Center.Editor.csproj", "{98FCCE21-8A03-0534-51C3-7B937CB2E0C4}"
EndProject
Project("{FAE04EC0-301F-11D3-BF4B-00C04F79EFBC}") = "Unity.2D.Common.Path.Editor", "Unity.2D.Common.Path.Editor.csproj", "{3F7C6723-1BC7-08F7-25B6-60EE2DAE68F0}"
EndProject
Project("{FAE04EC0-301F-11D3-BF4B-00C04F79EFBC}") = "Assembly-CSharp", "Assembly-CSharp.csproj", "{A9CF72AD-2C46-C10E-1539-3D3DA5E202A9}"
EndProject
Project("{FAE04EC0-301F-11D3-BF4B-00C04F79EFBC}") = "Unity.Collections", "Unity.Collections.csproj", "{352C3A42-8850-0960-48EF-045EC2341A5F}"
EndProject
Project("{FAE04EC0-301F-11D3-BF4B-00C04F79EFBC}") = "Unity.2D.IK.Runtime", "Unity.2D.IK.Runtime.csproj", "{4D7B68F4-3C42-361B-643B-AEC0E6C4DEE5}"
EndProject
Project("{FAE04EC0-301F-11D3-BF4B-00C04F79EFBC}") = "UnityEditor.TestRunner", "UnityEditor.TestRunner.csproj", "{3DF03086-4F74-909A-786B-1DD24F167F77}"
EndProject
Project("{FAE04EC0-301F-11D3-BF4B-00C04F79EFBC}") = "Unity.PerformanceTesting.Editor", "Unity.PerformanceTesting.Editor.csproj", "{0CFEA0B9-69F0-E961-DA77-32B06460EC3F}"
EndProject
Project("{FAE04EC0-301F-11D3-BF4B-00C04F79EFBC}") = "PsdPlugin", "PsdPlugin.csproj", "{34BDF72E-A065-AAFA-0D18-8F0B364A3DE9}"
EndProject
Project("{FAE04EC0-301F-11D3-BF4B-00C04F79EFBC}") = "Unity.Burst", "Unity.Burst.csproj", "{B5D6C31B-7B20-3BA7-2070-92ECFC41873A}"
EndProject
Project("{FAE04EC0-301F-11D3-BF4B-00C04F79EFBC}") = "Unity.2D.SpriteShape.Editor", "Unity.2D.SpriteShape.Editor.csproj", "{D3253F8E-0DB0-D07E-55CB-2BC35D64B378}"
EndProject
Project("{FAE04EC0-301F-11D3-BF4B-00C04F79EFBC}") = "Unity.VisualStudio.Editor", "Unity.VisualStudio.Editor.csproj", "{68F55EF8-0DA6-2B53-4942-609612A34DF3}"
EndProject
Project("{FAE04EC0-301F-11D3-BF4B-00C04F79EFBC}") = "Unity.PerformanceTesting", "Unity.PerformanceTesting.csproj", "{B3BF00FD-2AA9-3C4E-A3B3-3AD3B4975117}"
EndProject
Project("{FAE04EC0-301F-11D3-BF4B-00C04F79EFBC}") = "Unity.2D.Tilemap.Extras.Editor", "Unity.2D.Tilemap.Extras.Editor.csproj", "{A0F3E2B4-9B1A-0CC4-5B20-EC9618BD7AEC}"
EndProject
Project("{FAE04EC0-301F-11D3-BF4B-00C04F79EFBC}") = "Unity.TextMeshPro.Editor", "Unity.TextMeshPro.Editor.csproj", "{28DCF736-0443-DE34-E493-BEE400391004}"
EndProject
Project("{FAE04EC0-301F-11D3-BF4B-00C04F79EFBC}") = "Unity.InternalAPIEditorBridge.001", "Unity.InternalAPIEditorBridge.001.csproj", "{3725545F-CD7D-98FE-65B0-E2E22FAE2EF8}"
EndProject
Project("{FAE04EC0-301F-11D3-BF4B-00C04F79EFBC}") = "Unity.2D.SpriteShape.Runtime", "Unity.2D.SpriteShape.Runtime.csproj", "{C281A4AF-C8A1-6504-BECE-49690BC0AF74}"
EndProject
Project("{FAE04EC0-301F-11D3-BF4B-00C04F79EFBC}") = "Unity.2D.Animation.Runtime", "Unity.2D.Animation.Runtime.csproj", "{3F76C4B0-A1E3-DBD9-1768-F0BE73AC20E0}"
EndProject
Project("{FAE04EC0-301F-11D3-BF4B-00C04F79EFBC}") = "ScriptablePacker", "ScriptablePacker.csproj", "{DCE10E08-BEA0-38DC-1528-A5455269FA3E}"
EndProject
Project("{FAE04EC0-301F-11D3-BF4B-00C04F79EFBC}") = "Unity.Burst.CodeGen", "Unity.Burst.CodeGen.csproj", "{BCF599FA-C8FA-6E2B-43D1-EF65D9D03B4D}"
EndProject
Project("{FAE04EC0-301F-11D3-BF4B-00C04F79EFBC}") = "Unity.2D.Tilemap.Extras", "Unity.2D.Tilemap.Extras.csproj", "{7A8EE207-4AC1-CBBE-22F5-958E6962215E}"
EndProject
Project("{FAE04EC0-301F-11D3-BF4B-00C04F79EFBC}") = "Unity.TextMeshPro", "Unity.TextMeshPro.csproj", "{45DA790F-08D7-539F-8D82-CA6DA5C40F88}"
EndProject
Project("{FAE04EC0-301F-11D3-BF4B-00C04F79EFBC}") = "Unity.2D.Aseprite.Common", "Unity.2D.Aseprite.Common.csproj", "{35EE24F4-05BC-B07B-3EC1-C1196EDFD1B4}"
EndProject
Project("{FAE04EC0-301F-11D3-BF4B-00C04F79EFBC}") = "Unity.2D.IK.Editor", "Unity.2D.IK.Editor.csproj", "{D3F89600-5B65-8189-D7EC-B31CA18504C9}"
EndProject
Project("{FAE04EC0-301F-11D3-BF4B-00C04F79EFBC}") = "Unity.InternalAPIEngineBridge.001", "Unity.InternalAPIEngineBridge.001.csproj", "{4FA6F093-CC8D-631D-7E5F-0113D61CB2CF}"
EndProject
Project("{FAE04EC0-301F-11D3-BF4B-00C04F79EFBC}") = "Unity.Burst.Editor", "Unity.Burst.Editor.csproj", "{22DDFB53-7CDC-BE10-066F-41B64A279153}"
EndProject
Project("{FAE04EC0-301F-11D3-BF4B-00C04F79EFBC}") = "Unity.2D.Common.Editor", "Unity.2D.Common.Editor.csproj", "{7E7D4FC6-9112-0F30-AE77-FB198926BD0A}"
EndProject
Project("{FAE04EC0-301F-11D3-BF4B-00C04F79EFBC}") = "Unity.2D.Sprite.Editor", "Unity.2D.Sprite.Editor.csproj", "{78009A6B-E3C6-0E08-31B3-4DE7CF33BD5E}"
EndProject
Project("{FAE04EC0-301F-11D3-BF4B-00C04F79EFBC}") = "Unity.2D.PixelPerfect", "Unity.2D.PixelPerfect.csproj", "{A6F6B58C-E864-810C-B0BB-5CF9603FBD16}"
EndProject
Project("{FAE04EC0-301F-11D3-BF4B-00C04F79EFBC}") = "Unity.2D.PixelPerfect.Editor", "Unity.2D.PixelPerfect.Editor.csproj", "{6FDB1AF5-326E-0B43-6CD2-DDD269A1A07B}"
EndProject
Project("{FAE04EC0-301F-11D3-BF4B-00C04F79EFBC}") = "Unity.2D.Common.Runtime", "Unity.2D.Common.Runtime.csproj", "{9CF15E4E-B385-1175-2746-D71D803FBD51}"
EndProject
Project("{FAE04EC0-301F-11D3-BF4B-00C04F79EFBC}") = "Unity.Multiplayer.Center.Common", "Unity.Multiplayer.Center.Common.csproj", "{89CA6EDA-37EF-C14F-14BD-61ABA06A9101}"
EndProject
Project("{FAE04EC0-301F-11D3-BF4B-00C04F79EFBC}") = "GoogleMobileAds.Editor", "GoogleMobileAds.Editor.csproj", "{D4A26B01-9246-333B-E77D-21305B47C857}"
EndProject
Project("{FAE04EC0-301F-11D3-BF4B-00C04F79EFBC}") = "Unity.Collections.CodeGen", "Unity.Collections.CodeGen.csproj", "{9ACA38EF-4B68-7DE5-5035-0BBE15E49848}"
EndProject
Project("{FAE04EC0-301F-11D3-BF4B-00C04F79EFBC}") = "Unity.Mathematics.Editor", "Unity.Mathematics.Editor.csproj", "{768FEB80-B595-E701-469E-92908B4E13AB}"
EndProject
Project("{FAE04EC0-301F-11D3-BF4B-00C04F79EFBC}") = "Unity.Collections.Editor", "Unity.Collections.Editor.csproj", "{3AD2D43D-4C33-D5B1-EF14-9D1D39067A03}"
EndProject
Project("{FAE04EC0-301F-11D3-BF4B-00C04F79EFBC}") = "UnityEngine.UI", "UnityEngine.UI.Player.csproj", "{5CF1A082-F0B9-399B-82EA-1CBABDC645D0}"
EndProject
Project("{FAE04EC0-301F-11D3-BF4B-00C04F79EFBC}") = "UnityEngine.TestRunner", "UnityEngine.TestRunner.Player.csproj", "{977F066A-A977-E5C2-406D-7D88213F6FD4}"
EndProject
Project("{FAE04EC0-301F-11D3-BF4B-00C04F79EFBC}") = "Unity.Mathematics", "Unity.Mathematics.Player.csproj", "{E46143EA-D14E-0940-5EE1-D9512619F483}"
EndProject
Project("{FAE04EC0-301F-11D3-BF4B-00C04F79EFBC}") = "Assembly-CSharp", "Assembly-CSharp.Player.csproj", "{ECD1F829-63C2-E20D-E9CE-A91BE3C11F94}"
EndProject
Project("{FAE04EC0-301F-11D3-BF4B-00C04F79EFBC}") = "Unity.Collections", "Unity.Collections.Player.csproj", "{07C9FD76-8CD5-3679-A3FD-37D6F4AA91BD}"
EndProject
Project("{FAE04EC0-301F-11D3-BF4B-00C04F79EFBC}") = "Unity.2D.IK.Runtime", "Unity.2D.IK.Runtime.Player.csproj", "{B5C445AE-77B2-5F50-58D3-20E58F616E82}"
EndProject
Project("{FAE04EC0-301F-11D3-BF4B-00C04F79EFBC}") = "Unity.Burst", "Unity.Burst.Player.csproj", "{96262EFD-1D4D-9E38-0B18-25418025056F}"
EndProject
Project("{FAE04EC0-301F-11D3-BF4B-00C04F79EFBC}") = "Unity.PerformanceTesting", "Unity.PerformanceTesting.Player.csproj", "{6D89EE5D-24D0-3141-E936-A3C86C356BA0}"
EndProject
Project("{FAE04EC0-301F-11D3-BF4B-00C04F79EFBC}") = "Unity.2D.SpriteShape.Runtime", "Unity.2D.SpriteShape.Runtime.Player.csproj", "{7466D04F-221D-E97A-9C9F-2EB29B6F392C}"
EndProject
Project("{FAE04EC0-301F-11D3-BF4B-00C04F79EFBC}") = "Unity.2D.Animation.Runtime", "Unity.2D.Animation.Runtime.Player.csproj", "{CBC8F75E-D393-9747-8966-7493932F70D2}"
EndProject
Project("{FAE04EC0-301F-11D3-BF4B-00C04F79EFBC}") = "Unity.2D.Tilemap.Extras", "Unity.2D.Tilemap.Extras.Player.csproj", "{68ACB697-DEE2-2CB7-EE24-DB21516889BF}"
EndProject
Project("{FAE04EC0-301F-11D3-BF4B-00C04F79EFBC}") = "Unity.TextMeshPro", "Unity.TextMeshPro.Player.csproj", "{3D2656CE-FA12-4C21-41A7-7120F01765C9}"
EndProject
Project("{FAE04EC0-301F-11D3-BF4B-00C04F79EFBC}") = "Unity.InternalAPIEngineBridge.001", "Unity.InternalAPIEngineBridge.001.Player.csproj", "{435C714B-808E-7EC5-7D13-32EFD42B94DA}"
EndProject
Project("{FAE04EC0-301F-11D3-BF4B-00C04F79EFBC}") = "Unity.2D.PixelPerfect", "Unity.2D.PixelPerfect.Player.csproj", "{D9845936-718E-257A-DFBC-79595FDF7D6F}"
EndProject
Project("{FAE04EC0-301F-11D3-BF4B-00C04F79EFBC}") = "Unity.2D.Common.Runtime", "Unity.2D.Common.Runtime.Player.csproj", "{CA19CF33-25AF-BB0F-BF54-E791535347D3}"
EndProject
Project("{FAE04EC0-301F-11D3-BF4B-00C04F79EFBC}") = "Unity.Multiplayer.Center.Common", "Unity.Multiplayer.Center.Common.Player.csproj", "{82DCDF7E-10D8-A2FF-6F31-D4B248D2D843}"
EndProject
Global
	GlobalSection(SolutionConfigurationPlatforms) = preSolution
		Debug|Any CPU = Debug|Any CPU
		Release|Any CPU = Release|Any CPU
	EndGlobalSection
	GlobalSection(ProjectConfigurationPlatforms) = postSolution
		{0623D9F5-C6BE-854B-273B-AEBC9CD22769}.Debug|Any CPU.ActiveCfg = Debug|Any CPU
		{0623D9F5-C6BE-854B-273B-AEBC9CD22769}.Debug|Any CPU.Build.0 = Debug|Any CPU
		{0623D9F5-C6BE-854B-273B-AEBC9CD22769}.Release|Any CPU.ActiveCfg = Release|Any CPU
		{0623D9F5-C6BE-854B-273B-AEBC9CD22769}.Release|Any CPU.Build.0 = Release|Any CPU
		{6AB09C02-5DAA-0F7B-2523-885836033A20}.Debug|Any CPU.ActiveCfg = Debug|Any CPU
		{6AB09C02-5DAA-0F7B-2523-885836033A20}.Debug|Any CPU.Build.0 = Debug|Any CPU
		{6AB09C02-5DAA-0F7B-2523-885836033A20}.Release|Any CPU.ActiveCfg = Release|Any CPU
		{6AB09C02-5DAA-0F7B-2523-885836033A20}.Release|Any CPU.Build.0 = Release|Any CPU
		{873AD0BA-1AF9-A41C-06AB-507D3FFBC4FB}.Debug|Any CPU.ActiveCfg = Debug|Any CPU
		{873AD0BA-1AF9-A41C-06AB-507D3FFBC4FB}.Debug|Any CPU.Build.0 = Debug|Any CPU
		{873AD0BA-1AF9-A41C-06AB-507D3FFBC4FB}.Release|Any CPU.ActiveCfg = Release|Any CPU
		{873AD0BA-1AF9-A41C-06AB-507D3FFBC4FB}.Release|Any CPU.Build.0 = Release|Any CPU
		{4026D87F-C41D-866E-8128-5A339711F869}.Debug|Any CPU.ActiveCfg = Debug|Any CPU
		{4026D87F-C41D-866E-8128-5A339711F869}.Debug|Any CPU.Build.0 = Debug|Any CPU
		{4026D87F-C41D-866E-8128-5A339711F869}.Release|Any CPU.ActiveCfg = Release|Any CPU
		{4026D87F-C41D-866E-8128-5A339711F869}.Release|Any CPU.Build.0 = Release|Any CPU
		{3DA7D506-875B-99E0-73F2-CCD324AECFC4}.Debug|Any CPU.ActiveCfg = Debug|Any CPU
		{3DA7D506-875B-99E0-73F2-CCD324AECFC4}.Debug|Any CPU.Build.0 = Debug|Any CPU
		{3DA7D506-875B-99E0-73F2-CCD324AECFC4}.Release|Any CPU.ActiveCfg = Release|Any CPU
		{3DA7D506-875B-99E0-73F2-CCD324AECFC4}.Release|Any CPU.Build.0 = Release|Any CPU
		{D586DF9A-4E7D-FCFB-5C1B-20D47564B167}.Debug|Any CPU.ActiveCfg = Debug|Any CPU
		{D586DF9A-4E7D-FCFB-5C1B-20D47564B167}.Debug|Any CPU.Build.0 = Debug|Any CPU
		{D586DF9A-4E7D-FCFB-5C1B-20D47564B167}.Release|Any CPU.ActiveCfg = Release|Any CPU
		{D586DF9A-4E7D-FCFB-5C1B-20D47564B167}.Release|Any CPU.Build.0 = Release|Any CPU
		{1C63BF94-6DCE-89C0-15E7-2754DD3D2FB9}.Debug|Any CPU.ActiveCfg = Debug|Any CPU
		{1C63BF94-6DCE-89C0-15E7-2754DD3D2FB9}.Debug|Any CPU.Build.0 = Debug|Any CPU
		{1C63BF94-6DCE-89C0-15E7-2754DD3D2FB9}.Release|Any CPU.ActiveCfg = Release|Any CPU
		{1C63BF94-6DCE-89C0-15E7-2754DD3D2FB9}.Release|Any CPU.Build.0 = Release|Any CPU
		{C1B9112B-CBBF-DF8B-B6E4-022C1D89650B}.Debug|Any CPU.ActiveCfg = Debug|Any CPU
		{C1B9112B-CBBF-DF8B-B6E4-022C1D89650B}.Debug|Any CPU.Build.0 = Debug|Any CPU
		{C1B9112B-CBBF-DF8B-B6E4-022C1D89650B}.Release|Any CPU.ActiveCfg = Release|Any CPU
		{C1B9112B-CBBF-DF8B-B6E4-022C1D89650B}.Release|Any CPU.Build.0 = Release|Any CPU
		{98FCCE21-8A03-0534-51C3-7B937CB2E0C4}.Debug|Any CPU.ActiveCfg = Debug|Any CPU
		{98FCCE21-8A03-0534-51C3-7B937CB2E0C4}.Debug|Any CPU.Build.0 = Debug|Any CPU
		{98FCCE21-8A03-0534-51C3-7B937CB2E0C4}.Release|Any CPU.ActiveCfg = Release|Any CPU
		{98FCCE21-8A03-0534-51C3-7B937CB2E0C4}.Release|Any CPU.Build.0 = Release|Any CPU
		{3F7C6723-1BC7-08F7-25B6-60EE2DAE68F0}.Debug|Any CPU.ActiveCfg = Debug|Any CPU
		{3F7C6723-1BC7-08F7-25B6-60EE2DAE68F0}.Debug|Any CPU.Build.0 = Debug|Any CPU
		{3F7C6723-1BC7-08F7-25B6-60EE2DAE68F0}.Release|Any CPU.ActiveCfg = Release|Any CPU
		{3F7C6723-1BC7-08F7-25B6-60EE2DAE68F0}.Release|Any CPU.Build.0 = Release|Any CPU
		{A9CF72AD-2C46-C10E-1539-3D3DA5E202A9}.Debug|Any CPU.ActiveCfg = Debug|Any CPU
		{A9CF72AD-2C46-C10E-1539-3D3DA5E202A9}.Debug|Any CPU.Build.0 = Debug|Any CPU
		{A9CF72AD-2C46-C10E-1539-3D3DA5E202A9}.Release|Any CPU.ActiveCfg = Release|Any CPU
		{A9CF72AD-2C46-C10E-1539-3D3DA5E202A9}.Release|Any CPU.Build.0 = Release|Any CPU
		{352C3A42-8850-0960-48EF-045EC2341A5F}.Debug|Any CPU.ActiveCfg = Debug|Any CPU
		{352C3A42-8850-0960-48EF-045EC2341A5F}.Debug|Any CPU.Build.0 = Debug|Any CPU
		{352C3A42-8850-0960-48EF-045EC2341A5F}.Release|Any CPU.ActiveCfg = Release|Any CPU
		{352C3A42-8850-0960-48EF-045EC2341A5F}.Release|Any CPU.Build.0 = Release|Any CPU
		{4D7B68F4-3C42-361B-643B-AEC0E6C4DEE5}.Debug|Any CPU.ActiveCfg = Debug|Any CPU
		{4D7B68F4-3C42-361B-643B-AEC0E6C4DEE5}.Debug|Any CPU.Build.0 = Debug|Any CPU
		{4D7B68F4-3C42-361B-643B-AEC0E6C4DEE5}.Release|Any CPU.ActiveCfg = Release|Any CPU
		{4D7B68F4-3C42-361B-643B-AEC0E6C4DEE5}.Release|Any CPU.Build.0 = Release|Any CPU
		{3DF03086-4F74-909A-786B-1DD24F167F77}.Debug|Any CPU.ActiveCfg = Debug|Any CPU
		{3DF03086-4F74-909A-786B-1DD24F167F77}.Debug|Any CPU.Build.0 = Debug|Any CPU
		{3DF03086-4F74-909A-786B-1DD24F167F77}.Release|Any CPU.ActiveCfg = Release|Any CPU
		{3DF03086-4F74-909A-786B-1DD24F167F77}.Release|Any CPU.Build.0 = Release|Any CPU
		{0CFEA0B9-69F0-E961-DA77-32B06460EC3F}.Debug|Any CPU.ActiveCfg = Debug|Any CPU
		{0CFEA0B9-69F0-E961-DA77-32B06460EC3F}.Debug|Any CPU.Build.0 = Debug|Any CPU
		{0CFEA0B9-69F0-E961-DA77-32B06460EC3F}.Release|Any CPU.ActiveCfg = Release|Any CPU
		{0CFEA0B9-69F0-E961-DA77-32B06460EC3F}.Release|Any CPU.Build.0 = Release|Any CPU
		{34BDF72E-A065-AAFA-0D18-8F0B364A3DE9}.Debug|Any CPU.ActiveCfg = Debug|Any CPU
		{34BDF72E-A065-AAFA-0D18-8F0B364A3DE9}.Debug|Any CPU.Build.0 = Debug|Any CPU
		{34BDF72E-A065-AAFA-0D18-8F0B364A3DE9}.Release|Any CPU.ActiveCfg = Release|Any CPU
		{34BDF72E-A065-AAFA-0D18-8F0B364A3DE9}.Release|Any CPU.Build.0 = Release|Any CPU
		{B5D6C31B-7B20-3BA7-2070-92ECFC41873A}.Debug|Any CPU.ActiveCfg = Debug|Any CPU
		{B5D6C31B-7B20-3BA7-2070-92ECFC41873A}.Debug|Any CPU.Build.0 = Debug|Any CPU
		{B5D6C31B-7B20-3BA7-2070-92ECFC41873A}.Release|Any CPU.ActiveCfg = Release|Any CPU
		{B5D6C31B-7B20-3BA7-2070-92ECFC41873A}.Release|Any CPU.Build.0 = Release|Any CPU
		{D3253F8E-0DB0-D07E-55CB-2BC35D64B378}.Debug|Any CPU.ActiveCfg = Debug|Any CPU
		{D3253F8E-0DB0-D07E-55CB-2BC35D64B378}.Debug|Any CPU.Build.0 = Debug|Any CPU
		{D3253F8E-0DB0-D07E-55CB-2BC35D64B378}.Release|Any CPU.ActiveCfg = Release|Any CPU
		{D3253F8E-0DB0-D07E-55CB-2BC35D64B378}.Release|Any CPU.Build.0 = Release|Any CPU
		{68F55EF8-0DA6-2B53-4942-609612A34DF3}.Debug|Any CPU.ActiveCfg = Debug|Any CPU
		{68F55EF8-0DA6-2B53-4942-609612A34DF3}.Debug|Any CPU.Build.0 = Debug|Any CPU
		{68F55EF8-0DA6-2B53-4942-609612A34DF3}.Release|Any CPU.ActiveCfg = Release|Any CPU
		{68F55EF8-0DA6-2B53-4942-609612A34DF3}.Release|Any CPU.Build.0 = Release|Any CPU
		{B3BF00FD-2AA9-3C4E-A3B3-3AD3B4975117}.Debug|Any CPU.ActiveCfg = Debug|Any CPU
		{B3BF00FD-2AA9-3C4E-A3B3-3AD3B4975117}.Debug|Any CPU.Build.0 = Debug|Any CPU
		{B3BF00FD-2AA9-3C4E-A3B3-3AD3B4975117}.Release|Any CPU.ActiveCfg = Release|Any CPU
		{B3BF00FD-2AA9-3C4E-A3B3-3AD3B4975117}.Release|Any CPU.Build.0 = Release|Any CPU
		{A0F3E2B4-9B1A-0CC4-5B20-EC9618BD7AEC}.Debug|Any CPU.ActiveCfg = Debug|Any CPU
		{A0F3E2B4-9B1A-0CC4-5B20-EC9618BD7AEC}.Debug|Any CPU.Build.0 = Debug|Any CPU
		{A0F3E2B4-9B1A-0CC4-5B20-EC9618BD7AEC}.Release|Any CPU.ActiveCfg = Release|Any CPU
		{A0F3E2B4-9B1A-0CC4-5B20-EC9618BD7AEC}.Release|Any CPU.Build.0 = Release|Any CPU
		{28DCF736-0443-DE34-E493-BEE400391004}.Debug|Any CPU.ActiveCfg = Debug|Any CPU
		{28DCF736-0443-DE34-E493-BEE400391004}.Debug|Any CPU.Build.0 = Debug|Any CPU
		{28DCF736-0443-DE34-E493-BEE400391004}.Release|Any CPU.ActiveCfg = Release|Any CPU
		{28DCF736-0443-DE34-E493-BEE400391004}.Release|Any CPU.Build.0 = Release|Any CPU
		{3725545F-CD7D-98FE-65B0-E2E22FAE2EF8}.Debug|Any CPU.ActiveCfg = Debug|Any CPU
		{3725545F-CD7D-98FE-65B0-E2E22FAE2EF8}.Debug|Any CPU.Build.0 = Debug|Any CPU
		{3725545F-CD7D-98FE-65B0-E2E22FAE2EF8}.Release|Any CPU.ActiveCfg = Release|Any CPU
		{3725545F-CD7D-98FE-65B0-E2E22FAE2EF8}.Release|Any CPU.Build.0 = Release|Any CPU
		{C281A4AF-C8A1-6504-BECE-49690BC0AF74}.Debug|Any CPU.ActiveCfg = Debug|Any CPU
		{C281A4AF-C8A1-6504-BECE-49690BC0AF74}.Debug|Any CPU.Build.0 = Debug|Any CPU
		{C281A4AF-C8A1-6504-BECE-49690BC0AF74}.Release|Any CPU.ActiveCfg = Release|Any CPU
		{C281A4AF-C8A1-6504-BECE-49690BC0AF74}.Release|Any CPU.Build.0 = Release|Any CPU
		{3F76C4B0-A1E3-DBD9-1768-F0BE73AC20E0}.Debug|Any CPU.ActiveCfg = Debug|Any CPU
		{3F76C4B0-A1E3-DBD9-1768-F0BE73AC20E0}.Debug|Any CPU.Build.0 = Debug|Any CPU
		{3F76C4B0-A1E3-DBD9-1768-F0BE73AC20E0}.Release|Any CPU.ActiveCfg = Release|Any CPU
		{3F76C4B0-A1E3-DBD9-1768-F0BE73AC20E0}.Release|Any CPU.Build.0 = Release|Any CPU
		{DCE10E08-BEA0-38DC-1528-A5455269FA3E}.Debug|Any CPU.ActiveCfg = Debug|Any CPU
		{DCE10E08-BEA0-38DC-1528-A5455269FA3E}.Debug|Any CPU.Build.0 = Debug|Any CPU
		{DCE10E08-BEA0-38DC-1528-A5455269FA3E}.Release|Any CPU.ActiveCfg = Release|Any CPU
		{DCE10E08-BEA0-38DC-1528-A5455269FA3E}.Release|Any CPU.Build.0 = Release|Any CPU
		{BCF599FA-C8FA-6E2B-43D1-EF65D9D03B4D}.Debug|Any CPU.ActiveCfg = Debug|Any CPU
		{BCF599FA-C8FA-6E2B-43D1-EF65D9D03B4D}.Debug|Any CPU.Build.0 = Debug|Any CPU
		{BCF599FA-C8FA-6E2B-43D1-EF65D9D03B4D}.Release|Any CPU.ActiveCfg = Release|Any CPU
		{BCF599FA-C8FA-6E2B-43D1-EF65D9D03B4D}.Release|Any CPU.Build.0 = Release|Any CPU
		{7A8EE207-4AC1-CBBE-22F5-958E6962215E}.Debug|Any CPU.ActiveCfg = Debug|Any CPU
		{7A8EE207-4AC1-CBBE-22F5-958E6962215E}.Debug|Any CPU.Build.0 = Debug|Any CPU
		{7A8EE207-4AC1-CBBE-22F5-958E6962215E}.Release|Any CPU.ActiveCfg = Release|Any CPU
		{7A8EE207-4AC1-CBBE-22F5-958E6962215E}.Release|Any CPU.Build.0 = Release|Any CPU
		{45DA790F-08D7-539F-8D82-CA6DA5C40F88}.Debug|Any CPU.ActiveCfg = Debug|Any CPU
		{45DA790F-08D7-539F-8D82-CA6DA5C40F88}.Debug|Any CPU.Build.0 = Debug|Any CPU
		{45DA790F-08D7-539F-8D82-CA6DA5C40F88}.Release|Any CPU.ActiveCfg = Release|Any CPU
		{45DA790F-08D7-539F-8D82-CA6DA5C40F88}.Release|Any CPU.Build.0 = Release|Any CPU
		{35EE24F4-05BC-B07B-3EC1-C1196EDFD1B4}.Debug|Any CPU.ActiveCfg = Debug|Any CPU
		{35EE24F4-05BC-B07B-3EC1-C1196EDFD1B4}.Debug|Any CPU.Build.0 = Debug|Any CPU
		{35EE24F4-05BC-B07B-3EC1-C1196EDFD1B4}.Release|Any CPU.ActiveCfg = Release|Any CPU
		{35EE24F4-05BC-B07B-3EC1-C1196EDFD1B4}.Release|Any CPU.Build.0 = Release|Any CPU
		{D3F89600-5B65-8189-D7EC-B31CA18504C9}.Debug|Any CPU.ActiveCfg = Debug|Any CPU
		{D3F89600-5B65-8189-D7EC-B31CA18504C9}.Debug|Any CPU.Build.0 = Debug|Any CPU
		{D3F89600-5B65-8189-D7EC-B31CA18504C9}.Release|Any CPU.ActiveCfg = Release|Any CPU
		{D3F89600-5B65-8189-D7EC-B31CA18504C9}.Release|Any CPU.Build.0 = Release|Any CPU
		{4FA6F093-CC8D-631D-7E5F-0113D61CB2CF}.Debug|Any CPU.ActiveCfg = Debug|Any CPU
		{4FA6F093-CC8D-631D-7E5F-0113D61CB2CF}.Debug|Any CPU.Build.0 = Debug|Any CPU
		{4FA6F093-CC8D-631D-7E5F-0113D61CB2CF}.Release|Any CPU.ActiveCfg = Release|Any CPU
		{4FA6F093-CC8D-631D-7E5F-0113D61CB2CF}.Release|Any CPU.Build.0 = Release|Any CPU
		{22DDFB53-7CDC-BE10-066F-41B64A279153}.Debug|Any CPU.ActiveCfg = Debug|Any CPU
		{22DDFB53-7CDC-BE10-066F-41B64A279153}.Debug|Any CPU.Build.0 = Debug|Any CPU
		{22DDFB53-7CDC-BE10-066F-41B64A279153}.Release|Any CPU.ActiveCfg = Release|Any CPU
		{22DDFB53-7CDC-BE10-066F-41B64A279153}.Release|Any CPU.Build.0 = Release|Any CPU
		{7E7D4FC6-9112-0F30-AE77-FB198926BD0A}.Debug|Any CPU.ActiveCfg = Debug|Any CPU
		{7E7D4FC6-9112-0F30-AE77-FB198926BD0A}.Debug|Any CPU.Build.0 = Debug|Any CPU
		{7E7D4FC6-9112-0F30-AE77-FB198926BD0A}.Release|Any CPU.ActiveCfg = Release|Any CPU
		{7E7D4FC6-9112-0F30-AE77-FB198926BD0A}.Release|Any CPU.Build.0 = Release|Any CPU
		{78009A6B-E3C6-0E08-31B3-4DE7CF33BD5E}.Debug|Any CPU.ActiveCfg = Debug|Any CPU
		{78009A6B-E3C6-0E08-31B3-4DE7CF33BD5E}.Debug|Any CPU.Build.0 = Debug|Any CPU
		{78009A6B-E3C6-0E08-31B3-4DE7CF33BD5E}.Release|Any CPU.ActiveCfg = Release|Any CPU
		{78009A6B-E3C6-0E08-31B3-4DE7CF33BD5E}.Release|Any CPU.Build.0 = Release|Any CPU
		{A6F6B58C-E864-810C-B0BB-5CF9603FBD16}.Debug|Any CPU.ActiveCfg = Debug|Any CPU
		{A6F6B58C-E864-810C-B0BB-5CF9603FBD16}.Debug|Any CPU.Build.0 = Debug|Any CPU
		{A6F6B58C-E864-810C-B0BB-5CF9603FBD16}.Release|Any CPU.ActiveCfg = Release|Any CPU
		{A6F6B58C-E864-810C-B0BB-5CF9603FBD16}.Release|Any CPU.Build.0 = Release|Any CPU
		{6FDB1AF5-326E-0B43-6CD2-DDD269A1A07B}.Debug|Any CPU.ActiveCfg = Debug|Any CPU
		{6FDB1AF5-326E-0B43-6CD2-DDD269A1A07B}.Debug|Any CPU.Build.0 = Debug|Any CPU
		{6FDB1AF5-326E-0B43-6CD2-DDD269A1A07B}.Release|Any CPU.ActiveCfg = Release|Any CPU
		{6FDB1AF5-326E-0B43-6CD2-DDD269A1A07B}.Release|Any CPU.Build.0 = Release|Any CPU
		{9CF15E4E-B385-1175-2746-D71D803FBD51}.Debug|Any CPU.ActiveCfg = Debug|Any CPU
		{9CF15E4E-B385-1175-2746-D71D803FBD51}.Debug|Any CPU.Build.0 = Debug|Any CPU
		{9CF15E4E-B385-1175-2746-D71D803FBD51}.Release|Any CPU.ActiveCfg = Release|Any CPU
		{9CF15E4E-B385-1175-2746-D71D803FBD51}.Release|Any CPU.Build.0 = Release|Any CPU
		{89CA6EDA-37EF-C14F-14BD-61ABA06A9101}.Debug|Any CPU.ActiveCfg = Debug|Any CPU
		{89CA6EDA-37EF-C14F-14BD-61ABA06A9101}.Debug|Any CPU.Build.0 = Debug|Any CPU
		{89CA6EDA-37EF-C14F-14BD-61ABA06A9101}.Release|Any CPU.ActiveCfg = Release|Any CPU
		{89CA6EDA-37EF-C14F-14BD-61ABA06A9101}.Release|Any CPU.Build.0 = Release|Any CPU
		{D4A26B01-9246-333B-E77D-21305B47C857}.Debug|Any CPU.ActiveCfg = Debug|Any CPU
		{D4A26B01-9246-333B-E77D-21305B47C857}.Debug|Any CPU.Build.0 = Debug|Any CPU
		{D4A26B01-9246-333B-E77D-21305B47C857}.Release|Any CPU.ActiveCfg = Release|Any CPU
		{D4A26B01-9246-333B-E77D-21305B47C857}.Release|Any CPU.Build.0 = Release|Any CPU
		{9ACA38EF-4B68-7DE5-5035-0BBE15E49848}.Debug|Any CPU.ActiveCfg = Debug|Any CPU
		{9ACA38EF-4B68-7DE5-5035-0BBE15E49848}.Debug|Any CPU.Build.0 = Debug|Any CPU
		{9ACA38EF-4B68-7DE5-5035-0BBE15E49848}.Release|Any CPU.ActiveCfg = Release|Any CPU
		{9ACA38EF-4B68-7DE5-5035-0BBE15E49848}.Release|Any CPU.Build.0 = Release|Any CPU
		{768FEB80-B595-E701-469E-92908B4E13AB}.Debug|Any CPU.ActiveCfg = Debug|Any CPU
		{768FEB80-B595-E701-469E-92908B4E13AB}.Debug|Any CPU.Build.0 = Debug|Any CPU
		{768FEB80-B595-E701-469E-92908B4E13AB}.Release|Any CPU.ActiveCfg = Release|Any CPU
		{768FEB80-B595-E701-469E-92908B4E13AB}.Release|Any CPU.Build.0 = Release|Any CPU
		{3AD2D43D-4C33-D5B1-EF14-9D1D39067A03}.Debug|Any CPU.ActiveCfg = Debug|Any CPU
		{3AD2D43D-4C33-D5B1-EF14-9D1D39067A03}.Debug|Any CPU.Build.0 = Debug|Any CPU
		{3AD2D43D-4C33-D5B1-EF14-9D1D39067A03}.Release|Any CPU.ActiveCfg = Release|Any CPU
		{3AD2D43D-4C33-D5B1-EF14-9D1D39067A03}.Release|Any CPU.Build.0 = Release|Any CPU
		{5CF1A082-F0B9-399B-82EA-1CBABDC645D0}.Debug|Any CPU.ActiveCfg = Debug|Any CPU
		{5CF1A082-F0B9-399B-82EA-1CBABDC645D0}.Debug|Any CPU.Build.0 = Debug|Any CPU
		{5CF1A082-F0B9-399B-82EA-1CBABDC645D0}.Release|Any CPU.ActiveCfg = Release|Any CPU
		{5CF1A082-F0B9-399B-82EA-1CBABDC645D0}.Release|Any CPU.Build.0 = Release|Any CPU
		{977F066A-A977-E5C2-406D-7D88213F6FD4}.Debug|Any CPU.ActiveCfg = Debug|Any CPU
		{977F066A-A977-E5C2-406D-7D88213F6FD4}.Debug|Any CPU.Build.0 = Debug|Any CPU
		{977F066A-A977-E5C2-406D-7D88213F6FD4}.Release|Any CPU.ActiveCfg = Release|Any CPU
		{977F066A-A977-E5C2-406D-7D88213F6FD4}.Release|Any CPU.Build.0 = Release|Any CPU
		{E46143EA-D14E-0940-5EE1-D9512619F483}.Debug|Any CPU.ActiveCfg = Debug|Any CPU
		{E46143EA-D14E-0940-5EE1-D9512619F483}.Debug|Any CPU.Build.0 = Debug|Any CPU
		{E46143EA-D14E-0940-5EE1-D9512619F483}.Release|Any CPU.ActiveCfg = Release|Any CPU
		{E46143EA-D14E-0940-5EE1-D9512619F483}.Release|Any CPU.Build.0 = Release|Any CPU
		{ECD1F829-63C2-E20D-E9CE-A91BE3C11F94}.Debug|Any CPU.ActiveCfg = Debug|Any CPU
		{ECD1F829-63C2-E20D-E9CE-A91BE3C11F94}.Debug|Any CPU.Build.0 = Debug|Any CPU
		{ECD1F829-63C2-E20D-E9CE-A91BE3C11F94}.Release|Any CPU.ActiveCfg = Release|Any CPU
		{ECD1F829-63C2-E20D-E9CE-A91BE3C11F94}.Release|Any CPU.Build.0 = Release|Any CPU
		{07C9FD76-8CD5-3679-A3FD-37D6F4AA91BD}.Debug|Any CPU.ActiveCfg = Debug|Any CPU
		{07C9FD76-8CD5-3679-A3FD-37D6F4AA91BD}.Debug|Any CPU.Build.0 = Debug|Any CPU
		{07C9FD76-8CD5-3679-A3FD-37D6F4AA91BD}.Release|Any CPU.ActiveCfg = Release|Any CPU
		{07C9FD76-8CD5-3679-A3FD-37D6F4AA91BD}.Release|Any CPU.Build.0 = Release|Any CPU
		{B5C445AE-77B2-5F50-58D3-20E58F616E82}.Debug|Any CPU.ActiveCfg = Debug|Any CPU
		{B5C445AE-77B2-5F50-58D3-20E58F616E82}.Debug|Any CPU.Build.0 = Debug|Any CPU
		{B5C445AE-77B2-5F50-58D3-20E58F616E82}.Release|Any CPU.ActiveCfg = Release|Any CPU
		{B5C445AE-77B2-5F50-58D3-20E58F616E82}.Release|Any CPU.Build.0 = Release|Any CPU
		{96262EFD-1D4D-9E38-0B18-25418025056F}.Debug|Any CPU.ActiveCfg = Debug|Any CPU
		{96262EFD-1D4D-9E38-0B18-25418025056F}.Debug|Any CPU.Build.0 = Debug|Any CPU
		{96262EFD-1D4D-9E38-0B18-25418025056F}.Release|Any CPU.ActiveCfg = Release|Any CPU
		{96262EFD-1D4D-9E38-0B18-25418025056F}.Release|Any CPU.Build.0 = Release|Any CPU
		{6D89EE5D-24D0-3141-E936-A3C86C356BA0}.Debug|Any CPU.ActiveCfg = Debug|Any CPU
		{6D89EE5D-24D0-3141-E936-A3C86C356BA0}.Debug|Any CPU.Build.0 = Debug|Any CPU
		{6D89EE5D-24D0-3141-E936-A3C86C356BA0}.Release|Any CPU.ActiveCfg = Release|Any CPU
		{6D89EE5D-24D0-3141-E936-A3C86C356BA0}.Release|Any CPU.Build.0 = Release|Any CPU
		{7466D04F-221D-E97A-9C9F-2EB29B6F392C}.Debug|Any CPU.ActiveCfg = Debug|Any CPU
		{7466D04F-221D-E97A-9C9F-2EB29B6F392C}.Debug|Any CPU.Build.0 = Debug|Any CPU
		{7466D04F-221D-E97A-9C9F-2EB29B6F392C}.Release|Any CPU.ActiveCfg = Release|Any CPU
		{7466D04F-221D-E97A-9C9F-2EB29B6F392C}.Release|Any CPU.Build.0 = Release|Any CPU
		{CBC8F75E-D393-9747-8966-7493932F70D2}.Debug|Any CPU.ActiveCfg = Debug|Any CPU
		{CBC8F75E-D393-9747-8966-7493932F70D2}.Debug|Any CPU.Build.0 = Debug|Any CPU
		{CBC8F75E-D393-9747-8966-7493932F70D2}.Release|Any CPU.ActiveCfg = Release|Any CPU
		{CBC8F75E-D393-9747-8966-7493932F70D2}.Release|Any CPU.Build.0 = Release|Any CPU
		{68ACB697-DEE2-2CB7-EE24-DB21516889BF}.Debug|Any CPU.ActiveCfg = Debug|Any CPU
		{68ACB697-DEE2-2CB7-EE24-DB21516889BF}.Debug|Any CPU.Build.0 = Debug|Any CPU
		{68ACB697-DEE2-2CB7-EE24-DB21516889BF}.Release|Any CPU.ActiveCfg = Release|Any CPU
		{68ACB697-DEE2-2CB7-EE24-DB21516889BF}.Release|Any CPU.Build.0 = Release|Any CPU
		{3D2656CE-FA12-4C21-41A7-7120F01765C9}.Debug|Any CPU.ActiveCfg = Debug|Any CPU
		{3D2656CE-FA12-4C21-41A7-7120F01765C9}.Debug|Any CPU.Build.0 = Debug|Any CPU
		{3D2656CE-FA12-4C21-41A7-7120F01765C9}.Release|Any CPU.ActiveCfg = Release|Any CPU
		{3D2656CE-FA12-4C21-41A7-7120F01765C9}.Release|Any CPU.Build.0 = Release|Any CPU
		{435C714B-808E-7EC5-7D13-32EFD42B94DA}.Debug|Any CPU.ActiveCfg = Debug|Any CPU
		{435C714B-808E-7EC5-7D13-32EFD42B94DA}.Debug|Any CPU.Build.0 = Debug|Any CPU
		{435C714B-808E-7EC5-7D13-32EFD42B94DA}.Release|Any CPU.ActiveCfg = Release|Any CPU
		{435C714B-808E-7EC5-7D13-32EFD42B94DA}.Release|Any CPU.Build.0 = Release|Any CPU
		{D9845936-718E-257A-DFBC-79595FDF7D6F}.Debug|Any CPU.ActiveCfg = Debug|Any CPU
		{D9845936-718E-257A-DFBC-79595FDF7D6F}.Debug|Any CPU.Build.0 = Debug|Any CPU
		{D9845936-718E-257A-DFBC-79595FDF7D6F}.Release|Any CPU.ActiveCfg = Release|Any CPU
		{D9845936-718E-257A-DFBC-79595FDF7D6F}.Release|Any CPU.Build.0 = Release|Any CPU
		{CA19CF33-25AF-BB0F-BF54-E791535347D3}.Debug|Any CPU.ActiveCfg = Debug|Any CPU
		{CA19CF33-25AF-BB0F-BF54-E791535347D3}.Debug|Any CPU.Build.0 = Debug|Any CPU
		{CA19CF33-25AF-BB0F-BF54-E791535347D3}.Release|Any CPU.ActiveCfg = Release|Any CPU
		{CA19CF33-25AF-BB0F-BF54-E791535347D3}.Release|Any CPU.Build.0 = Release|Any CPU
		{82DCDF7E-10D8-A2FF-6F31-D4B248D2D843}.Debug|Any CPU.ActiveCfg = Debug|Any CPU
		{82DCDF7E-10D8-A2FF-6F31-D4B248D2D843}.Debug|Any CPU.Build.0 = Debug|Any CPU
		{82DCDF7E-10D8-A2FF-6F31-D4B248D2D843}.Release|Any CPU.ActiveCfg = Release|Any CPU
		{82DCDF7E-10D8-A2FF-6F31-D4B248D2D843}.Release|Any CPU.Build.0 = Release|Any CPU
	EndGlobalSection
	GlobalSection(SolutionProperties) = preSolution
		HideSolutionNode = FALSE
	EndGlobalSection
EndGlobal
